
Microsoft Visual Studio Solution File, Format Version 11.00
# Visual Studio 2010
Project("{FAE04EC0-301F-11D3-BF4B-00C04F79EFBC}") = "OtherProjectTest", "OtherProjectTest\OtherProjectTest.csproj", "{12284211-B524-4CD2-9740-0C8ED40AB296}"
EndProject
Project("{FAE04EC0-301F-11D3-BF4B-00C04F79EFBC}") = "Decorator", "Decorator\Decorator.csproj", "{4B7D1991-4329-4712-8DBD-DC8E8AE159E1}"
EndProject
Project("{FAE04EC0-301F-11D3-BF4B-00C04F79EFBC}") = "Proxy", "Proxy\Proxy.csproj", "{E69C2D7B-827C-44FE-966B-6D62A6DF7150}"
EndProject
Project("{FAE04EC0-301F-11D3-BF4B-00C04F79EFBC}") = "EasyFactory", "EasyFactory\EasyFactory.csproj", "{36F247F8-131F-4154-A5DA-41FD659144B2}"
EndProject
Project("{FAE04EC0-301F-11D3-BF4B-00C04F79EFBC}") = "Factory", "Factory\Factory.csproj", "{BD7C01F1-0C0E-4165-A3A8-1F2CC1E5614B}"
EndProject
Project("{FAE04EC0-301F-11D3-BF4B-00C04F79EFBC}") = "Prototype", "Prototype\Prototype.csproj", "{6B696A57-DE4A-4E1E-BC8B-6C4F2898A618}"
EndProject
Project("{FAE04EC0-301F-11D3-BF4B-00C04F79EFBC}") = "masterplate", "masterplate\masterplate.csproj", "{36312773-94D7-48E4-824E-B65C838BE1D6}"
EndProject
Project("{FAE04EC0-301F-11D3-BF4B-00C04F79EFBC}") = "Facade", "Facade\Facade.csproj", "{1776A765-2E04-45A2-8B1D-611787EC5797}"
EndProject
Project("{FAE04EC0-301F-11D3-BF4B-00C04F79EFBC}") = "Builder", "Builder\Builder.csproj", "{D967FACC-D7F6-41D0-A4A6-F9466F9A8F60}"
EndProject
Project("{FAE04EC0-301F-11D3-BF4B-00C04F79EFBC}") = "Observer", "Observer\Observer.csproj", "{2EF8DF9A-7B56-45B2-AEB6-C14294BEAC6B}"
EndProject
Project("{FAE04EC0-301F-11D3-BF4B-00C04F79EFBC}") = "AbstractFactory", "AbstractFactory\AbstractFactory.csproj", "{80EDEB17-3B4A-4394-8B5C-175AE5FAF067}"
EndProject
Project("{FAE04EC0-301F-11D3-BF4B-00C04F79EFBC}") = "DesignState", "DesignState\DesignState.csproj", "{4DF522DC-36B8-4935-BEA0-1A3753BC7DB2}"
EndProject
Project("{FAE04EC0-301F-11D3-BF4B-00C04F79EFBC}") = "Adapter", "Adapter\Adapter.csproj", "{069C973F-194B-4DD0-B000-0E6494E74088}"
EndProject
Project("{FAE04EC0-301F-11D3-BF4B-00C04F79EFBC}") = "Memento", "Memento\Memento.csproj", "{C5327EBF-44C6-4650-8C98-F93A39E0DEE3}"
EndProject
Project("{2150E333-8FDC-42A3-9474-1A3956D46DE8}") = "创建型模式", "创建型模式", "{3FC59EB0-0830-4C12-A55F-E9A22AE0C1E5}"
EndProject
Project("{2150E333-8FDC-42A3-9474-1A3956D46DE8}") = "结构型模式", "结构型模式", "{76E1886F-1795-40E8-99EB-67CED5EFA4C1}"
EndProject
Project("{2150E333-8FDC-42A3-9474-1A3956D46DE8}") = "行为型模式", "行为型模式", "{41DC7817-0126-48F3-9AB0-F38D4BA27BF7}"
EndProject
Project("{FAE04EC0-301F-11D3-BF4B-00C04F79EFBC}") = "Composite", "Composite\Composite.csproj", "{1CDFA9EC-8448-4A29-9043-3757D381FD8B}"
EndProject
Project("{FAE04EC0-301F-11D3-BF4B-00C04F79EFBC}") = "Iterator", "Iterator\Iterator.csproj", "{D40EDB49-468E-4C03-A1B7-2ADB66818735}"
EndProject
Project("{FAE04EC0-301F-11D3-BF4B-00C04F79EFBC}") = "Singleton", "Singleton\Singleton.csproj", "{0CDD9424-AECA-4459-B58B-3B715A6F283A}"
EndProject
Project("{FAE04EC0-301F-11D3-BF4B-00C04F79EFBC}") = "Bridge", "Bridge\Bridge.csproj", "{6A97F0F6-5867-4D4D-B4AD-4013F46F4068}"
EndProject
Global
	GlobalSection(SolutionConfigurationPlatforms) = preSolution
		Debug|x86 = Debug|x86
		Release|x86 = Release|x86
	EndGlobalSection
	GlobalSection(ProjectConfigurationPlatforms) = postSolution
		{12284211-B524-4CD2-9740-0C8ED40AB296}.Debug|x86.ActiveCfg = Debug|x86
		{12284211-B524-4CD2-9740-0C8ED40AB296}.Debug|x86.Build.0 = Debug|x86
		{12284211-B524-4CD2-9740-0C8ED40AB296}.Release|x86.ActiveCfg = Release|x86
		{12284211-B524-4CD2-9740-0C8ED40AB296}.Release|x86.Build.0 = Release|x86
		{4B7D1991-4329-4712-8DBD-DC8E8AE159E1}.Debug|x86.ActiveCfg = Debug|x86
		{4B7D1991-4329-4712-8DBD-DC8E8AE159E1}.Debug|x86.Build.0 = Debug|x86
		{4B7D1991-4329-4712-8DBD-DC8E8AE159E1}.Release|x86.ActiveCfg = Release|x86
		{4B7D1991-4329-4712-8DBD-DC8E8AE159E1}.Release|x86.Build.0 = Release|x86
		{E69C2D7B-827C-44FE-966B-6D62A6DF7150}.Debug|x86.ActiveCfg = Debug|x86
		{E69C2D7B-827C-44FE-966B-6D62A6DF7150}.Debug|x86.Build.0 = Debug|x86
		{E69C2D7B-827C-44FE-966B-6D62A6DF7150}.Release|x86.ActiveCfg = Release|x86
		{E69C2D7B-827C-44FE-966B-6D62A6DF7150}.Release|x86.Build.0 = Release|x86
		{36F247F8-131F-4154-A5DA-41FD659144B2}.Debug|x86.ActiveCfg = Debug|x86
		{36F247F8-131F-4154-A5DA-41FD659144B2}.Debug|x86.Build.0 = Debug|x86
		{36F247F8-131F-4154-A5DA-41FD659144B2}.Release|x86.ActiveCfg = Release|x86
		{36F247F8-131F-4154-A5DA-41FD659144B2}.Release|x86.Build.0 = Release|x86
		{BD7C01F1-0C0E-4165-A3A8-1F2CC1E5614B}.Debug|x86.ActiveCfg = Debug|x86
		{BD7C01F1-0C0E-4165-A3A8-1F2CC1E5614B}.Debug|x86.Build.0 = Debug|x86
		{BD7C01F1-0C0E-4165-A3A8-1F2CC1E5614B}.Release|x86.ActiveCfg = Release|x86
		{BD7C01F1-0C0E-4165-A3A8-1F2CC1E5614B}.Release|x86.Build.0 = Release|x86
		{6B696A57-DE4A-4E1E-BC8B-6C4F2898A618}.Debug|x86.ActiveCfg = Debug|x86
		{6B696A57-DE4A-4E1E-BC8B-6C4F2898A618}.Debug|x86.Build.0 = Debug|x86
		{6B696A57-DE4A-4E1E-BC8B-6C4F2898A618}.Release|x86.ActiveCfg = Release|x86
		{6B696A57-DE4A-4E1E-BC8B-6C4F2898A618}.Release|x86.Build.0 = Release|x86
		{36312773-94D7-48E4-824E-B65C838BE1D6}.Debug|x86.ActiveCfg = Debug|x86
		{36312773-94D7-48E4-824E-B65C838BE1D6}.Debug|x86.Build.0 = Debug|x86
		{36312773-94D7-48E4-824E-B65C838BE1D6}.Release|x86.ActiveCfg = Release|x86
		{36312773-94D7-48E4-824E-B65C838BE1D6}.Release|x86.Build.0 = Release|x86
		{1776A765-2E04-45A2-8B1D-611787EC5797}.Debug|x86.ActiveCfg = Debug|x86
		{1776A765-2E04-45A2-8B1D-611787EC5797}.Debug|x86.Build.0 = Debug|x86
		{1776A765-2E04-45A2-8B1D-611787EC5797}.Release|x86.ActiveCfg = Release|x86
		{1776A765-2E04-45A2-8B1D-611787EC5797}.Release|x86.Build.0 = Release|x86
		{D967FACC-D7F6-41D0-A4A6-F9466F9A8F60}.Debug|x86.ActiveCfg = Debug|x86
		{D967FACC-D7F6-41D0-A4A6-F9466F9A8F60}.Debug|x86.Build.0 = Debug|x86
		{D967FACC-D7F6-41D0-A4A6-F9466F9A8F60}.Release|x86.ActiveCfg = Release|x86
		{D967FACC-D7F6-41D0-A4A6-F9466F9A8F60}.Release|x86.Build.0 = Release|x86
		{2EF8DF9A-7B56-45B2-AEB6-C14294BEAC6B}.Debug|x86.ActiveCfg = Debug|x86
		{2EF8DF9A-7B56-45B2-AEB6-C14294BEAC6B}.Debug|x86.Build.0 = Debug|x86
		{2EF8DF9A-7B56-45B2-AEB6-C14294BEAC6B}.Release|x86.ActiveCfg = Release|x86
		{2EF8DF9A-7B56-45B2-AEB6-C14294BEAC6B}.Release|x86.Build.0 = Release|x86
		{80EDEB17-3B4A-4394-8B5C-175AE5FAF067}.Debug|x86.ActiveCfg = Debug|x86
		{80EDEB17-3B4A-4394-8B5C-175AE5FAF067}.Debug|x86.Build.0 = Debug|x86
		{80EDEB17-3B4A-4394-8B5C-175AE5FAF067}.Release|x86.ActiveCfg = Release|x86
		{80EDEB17-3B4A-4394-8B5C-175AE5FAF067}.Release|x86.Build.0 = Release|x86
		{4DF522DC-36B8-4935-BEA0-1A3753BC7DB2}.Debug|x86.ActiveCfg = Debug|x86
		{4DF522DC-36B8-4935-BEA0-1A3753BC7DB2}.Debug|x86.Build.0 = Debug|x86
		{4DF522DC-36B8-4935-BEA0-1A3753BC7DB2}.Release|x86.ActiveCfg = Release|x86
		{4DF522DC-36B8-4935-BEA0-1A3753BC7DB2}.Release|x86.Build.0 = Release|x86
		{069C973F-194B-4DD0-B000-0E6494E74088}.Debug|x86.ActiveCfg = Debug|x86
		{069C973F-194B-4DD0-B000-0E6494E74088}.Debug|x86.Build.0 = Debug|x86
		{069C973F-194B-4DD0-B000-0E6494E74088}.Release|x86.ActiveCfg = Release|x86
		{069C973F-194B-4DD0-B000-0E6494E74088}.Release|x86.Build.0 = Release|x86
		{C5327EBF-44C6-4650-8C98-F93A39E0DEE3}.Debug|x86.ActiveCfg = Debug|x86
		{C5327EBF-44C6-4650-8C98-F93A39E0DEE3}.Debug|x86.Build.0 = Debug|x86
		{C5327EBF-44C6-4650-8C98-F93A39E0DEE3}.Release|x86.ActiveCfg = Release|x86
		{C5327EBF-44C6-4650-8C98-F93A39E0DEE3}.Release|x86.Build.0 = Release|x86
		{1CDFA9EC-8448-4A29-9043-3757D381FD8B}.Debug|x86.ActiveCfg = Debug|x86
		{1CDFA9EC-8448-4A29-9043-3757D381FD8B}.Debug|x86.Build.0 = Debug|x86
		{1CDFA9EC-8448-4A29-9043-3757D381FD8B}.Release|x86.ActiveCfg = Release|x86
		{1CDFA9EC-8448-4A29-9043-3757D381FD8B}.Release|x86.Build.0 = Release|x86
		{D40EDB49-468E-4C03-A1B7-2ADB66818735}.Debug|x86.ActiveCfg = Debug|x86
		{D40EDB49-468E-4C03-A1B7-2ADB66818735}.Debug|x86.Build.0 = Debug|x86
		{D40EDB49-468E-4C03-A1B7-2ADB66818735}.Release|x86.ActiveCfg = Release|x86
		{D40EDB49-468E-4C03-A1B7-2ADB66818735}.Release|x86.Build.0 = Release|x86
		{0CDD9424-AECA-4459-B58B-3B715A6F283A}.Debug|x86.ActiveCfg = Debug|x86
		{0CDD9424-AECA-4459-B58B-3B715A6F283A}.Debug|x86.Build.0 = Debug|x86
		{0CDD9424-AECA-4459-B58B-3B715A6F283A}.Release|x86.ActiveCfg = Release|x86
		{0CDD9424-AECA-4459-B58B-3B715A6F283A}.Release|x86.Build.0 = Release|x86
		{6A97F0F6-5867-4D4D-B4AD-4013F46F4068}.Debug|x86.ActiveCfg = Debug|x86
		{6A97F0F6-5867-4D4D-B4AD-4013F46F4068}.Debug|x86.Build.0 = Debug|x86
		{6A97F0F6-5867-4D4D-B4AD-4013F46F4068}.Release|x86.ActiveCfg = Release|x86
		{6A97F0F6-5867-4D4D-B4AD-4013F46F4068}.Release|x86.Build.0 = Release|x86
	EndGlobalSection
	GlobalSection(SolutionProperties) = preSolution
		HideSolutionNode = FALSE
	EndGlobalSection
	GlobalSection(NestedProjects) = preSolution
		{36312773-94D7-48E4-824E-B65C838BE1D6} = {41DC7817-0126-48F3-9AB0-F38D4BA27BF7}
		{2EF8DF9A-7B56-45B2-AEB6-C14294BEAC6B} = {41DC7817-0126-48F3-9AB0-F38D4BA27BF7}
		{4DF522DC-36B8-4935-BEA0-1A3753BC7DB2} = {41DC7817-0126-48F3-9AB0-F38D4BA27BF7}
		{C5327EBF-44C6-4650-8C98-F93A39E0DEE3} = {41DC7817-0126-48F3-9AB0-F38D4BA27BF7}
		{12284211-B524-4CD2-9740-0C8ED40AB296} = {41DC7817-0126-48F3-9AB0-F38D4BA27BF7}
		{D40EDB49-468E-4C03-A1B7-2ADB66818735} = {41DC7817-0126-48F3-9AB0-F38D4BA27BF7}
		{E69C2D7B-827C-44FE-966B-6D62A6DF7150} = {76E1886F-1795-40E8-99EB-67CED5EFA4C1}
		{1776A765-2E04-45A2-8B1D-611787EC5797} = {76E1886F-1795-40E8-99EB-67CED5EFA4C1}
		{069C973F-194B-4DD0-B000-0E6494E74088} = {76E1886F-1795-40E8-99EB-67CED5EFA4C1}
		{4B7D1991-4329-4712-8DBD-DC8E8AE159E1} = {76E1886F-1795-40E8-99EB-67CED5EFA4C1}
		{1CDFA9EC-8448-4A29-9043-3757D381FD8B} = {76E1886F-1795-40E8-99EB-67CED5EFA4C1}
		{6A97F0F6-5867-4D4D-B4AD-4013F46F4068} = {76E1886F-1795-40E8-99EB-67CED5EFA4C1}
		{BD7C01F1-0C0E-4165-A3A8-1F2CC1E5614B} = {3FC59EB0-0830-4C12-A55F-E9A22AE0C1E5}
		{6B696A57-DE4A-4E1E-BC8B-6C4F2898A618} = {3FC59EB0-0830-4C12-A55F-E9A22AE0C1E5}
		{D967FACC-D7F6-41D0-A4A6-F9466F9A8F60} = {3FC59EB0-0830-4C12-A55F-E9A22AE0C1E5}
		{80EDEB17-3B4A-4394-8B5C-175AE5FAF067} = {3FC59EB0-0830-4C12-A55F-E9A22AE0C1E5}
		{36F247F8-131F-4154-A5DA-41FD659144B2} = {3FC59EB0-0830-4C12-A55F-E9A22AE0C1E5}
		{0CDD9424-AECA-4459-B58B-3B715A6F283A} = {3FC59EB0-0830-4C12-A55F-E9A22AE0C1E5}
	EndGlobalSection
EndGlobal
